
Microsoft Visual Studio Solution File, Format Version 12.00
# Visual Studio 15
VisualStudioVersion = 15.0.26124.0
MinimumVisualStudioVersion = 15.0.26124.0
Project("{FAE04EC0-301F-11D3-BF4B-00C04F79EFBC}") = "API", "API\API.csproj", "{9F8281B6-94CA-40DD-B7B1-DA5196CEC404}"
EndProject
Project("{FAE04EC0-301F-11D3-BF4B-00C04F79EFBC}") = "Core", "Core\Core.csproj", "{1DA75D50-35DF-4B76-A0F2-86B200255D30}"
EndProject
Project("{FAE04EC0-301F-11D3-BF4B-00C04F79EFBC}") = "infrastructure", "infrastructure\infrastructure.csproj", "{76C99B25-C8DB-4060-9B7A-FF3C1ADC6F27}"
EndProject
Global
	GlobalSection(SolutionConfigurationPlatforms) = preSolution
		Debug|Any CPU = Debug|Any CPU
		Debug|x64 = Debug|x64
		Debug|x86 = Debug|x86
		Release|Any CPU = Release|Any CPU
		Release|x64 = Release|x64
		Release|x86 = Release|x86
	EndGlobalSection
	GlobalSection(SolutionProperties) = preSolution
		HideSolutionNode = FALSE
	EndGlobalSection
	GlobalSection(ProjectConfigurationPlatforms) = postSolution
		{9F8281B6-94CA-40DD-B7B1-DA5196CEC404}.Debug|Any CPU.ActiveCfg = Debug|Any CPU
		{9F8281B6-94CA-40DD-B7B1-DA5196CEC404}.Debug|Any CPU.Build.0 = Debug|Any CPU
		{9F8281B6-94CA-40DD-B7B1-DA5196CEC404}.Debug|x64.ActiveCfg = Debug|Any CPU
		{9F8281B6-94CA-40DD-B7B1-DA5196CEC404}.Debug|x64.Build.0 = Debug|Any CPU
		{9F8281B6-94CA-40DD-B7B1-DA5196CEC404}.Debug|x86.ActiveCfg = Debug|Any CPU
		{9F8281B6-94CA-40DD-B7B1-DA5196CEC404}.Debug|x86.Build.0 = Debug|Any CPU
		{9F8281B6-94CA-40DD-B7B1-DA5196CEC404}.Release|Any CPU.ActiveCfg = Release|Any CPU
		{9F8281B6-94CA-40DD-B7B1-DA5196CEC404}.Release|Any CPU.Build.0 = Release|Any CPU
		{9F8281B6-94CA-40DD-B7B1-DA5196CEC404}.Release|x64.ActiveCfg = Release|Any CPU
		{9F8281B6-94CA-40DD-B7B1-DA5196CEC404}.Release|x64.Build.0 = Release|Any CPU
		{9F8281B6-94CA-40DD-B7B1-DA5196CEC404}.Release|x86.ActiveCfg = Release|Any CPU
		{9F8281B6-94CA-40DD-B7B1-DA5196CEC404}.Release|x86.Build.0 = Release|Any CPU
		{1DA75D50-35DF-4B76-A0F2-86B200255D30}.Debug|Any CPU.ActiveCfg = Debug|Any CPU
		{1DA75D50-35DF-4B76-A0F2-86B200255D30}.Debug|Any CPU.Build.0 = Debug|Any CPU
		{1DA75D50-35DF-4B76-A0F2-86B200255D30}.Debug|x64.ActiveCfg = Debug|Any CPU
		{1DA75D50-35DF-4B76-A0F2-86B200255D30}.Debug|x64.Build.0 = Debug|Any CPU
		{1DA75D50-35DF-4B76-A0F2-86B200255D30}.Debug|x86.ActiveCfg = Debug|Any CPU
		{1DA75D50-35DF-4B76-A0F2-86B200255D30}.Debug|x86.Build.0 = Debug|Any CPU
		{1DA75D50-35DF-4B76-A0F2-86B200255D30}.Release|Any CPU.ActiveCfg = Release|Any CPU
		{1DA75D50-35DF-4B76-A0F2-86B200255D30}.Release|Any CPU.Build.0 = Release|Any CPU
		{1DA75D50-35DF-4B76-A0F2-86B200255D30}.Release|x64.ActiveCfg = Release|Any CPU
		{1DA75D50-35DF-4B76-A0F2-86B200255D30}.Release|x64.Build.0 = Release|Any CPU
		{1DA75D50-35DF-4B76-A0F2-86B200255D30}.Release|x86.ActiveCfg = Release|Any CPU
		{1DA75D50-35DF-4B76-A0F2-86B200255D30}.Release|x86.Build.0 = Release|Any CPU
		{76C99B25-C8DB-4060-9B7A-FF3C1ADC6F27}.Debug|Any CPU.ActiveCfg = Debug|Any CPU
		{76C99B25-C8DB-4060-9B7A-FF3C1ADC6F27}.Debug|Any CPU.Build.0 = Debug|Any CPU
		{76C99B25-C8DB-4060-9B7A-FF3C1ADC6F27}.Debug|x64.ActiveCfg = Debug|Any CPU
		{76C99B25-C8DB-4060-9B7A-FF3C1ADC6F27}.Debug|x64.Build.0 = Debug|Any CPU
		{76C99B25-C8DB-4060-9B7A-FF3C1ADC6F27}.Debug|x86.ActiveCfg = Debug|Any CPU
		{76C99B25-C8DB-4060-9B7A-FF3C1ADC6F27}.Debug|x86.Build.0 = Debug|Any CPU
		{76C99B25-C8DB-4060-9B7A-FF3C1ADC6F27}.Release|Any CPU.ActiveCfg = Release|Any CPU
		{76C99B25-C8DB-4060-9B7A-FF3C1ADC6F27}.Release|Any CPU.Build.0 = Release|Any CPU
		{76C99B25-C8DB-4060-9B7A-FF3C1ADC6F27}.Release|x64.ActiveCfg = Release|Any CPU
		{76C99B25-C8DB-4060-9B7A-FF3C1ADC6F27}.Release|x64.Build.0 = Release|Any CPU
		{76C99B25-C8DB-4060-9B7A-FF3C1ADC6F27}.Release|x86.ActiveCfg = Release|Any CPU
		{76C99B25-C8DB-4060-9B7A-FF3C1ADC6F27}.Release|x86.Build.0 = Release|Any CPU
	EndGlobalSection
EndGlobal
